
Microsoft Visual Studio Solution File, Format Version 12.00
# Visual Studio 15
VisualStudioVersion = 15.0.28307.1145
MinimumVisualStudioVersion = 10.0.40219.1
Project("{FAE04EC0-301F-11D3-BF4B-00C04F79EFBC}") = "PromotionEngine", "PromotionEngine\PromotionEngine.csproj", "{84DFE651-2964-44B2-86CD-902354129893}"
EndProject
Project("{FAE04EC0-301F-11D3-BF4B-00C04F79EFBC}") = "PromotionEngine.Contracts", "PromotionEngine.Contracts\PromotionEngine.Contracts.csproj", "{4342B8C7-CA01-45BD-B282-A692A55D535C}"
EndProject
Project("{FAE04EC0-301F-11D3-BF4B-00C04F79EFBC}") = "PromotionEngine.Service", "PromotionEngine.Service\PromotionEngine.Service.csproj", "{CE35DB4C-2E2F-4DA3-A5BD-18E25F3762F2}"
EndProject
Project("{FAE04EC0-301F-11D3-BF4B-00C04F79EFBC}") = "PromotionEngine.UnitTest", "PromotionEngine.UnitTest\PromotionEngine.UnitTest.csproj", "{273B1B6A-AC42-4720-AD97-631B2869FFC4}"
EndProject
Global
	GlobalSection(SolutionConfigurationPlatforms) = preSolution
		Debug|Any CPU = Debug|Any CPU
		Release|Any CPU = Release|Any CPU
	EndGlobalSection
	GlobalSection(ProjectConfigurationPlatforms) = postSolution
		{84DFE651-2964-44B2-86CD-902354129893}.Debug|Any CPU.ActiveCfg = Debug|Any CPU
		{84DFE651-2964-44B2-86CD-902354129893}.Debug|Any CPU.Build.0 = Debug|Any CPU
		{84DFE651-2964-44B2-86CD-902354129893}.Release|Any CPU.ActiveCfg = Release|Any CPU
		{84DFE651-2964-44B2-86CD-902354129893}.Release|Any CPU.Build.0 = Release|Any CPU
		{4342B8C7-CA01-45BD-B282-A692A55D535C}.Debug|Any CPU.ActiveCfg = Debug|Any CPU
		{4342B8C7-CA01-45BD-B282-A692A55D535C}.Debug|Any CPU.Build.0 = Debug|Any CPU
		{4342B8C7-CA01-45BD-B282-A692A55D535C}.Release|Any CPU.ActiveCfg = Release|Any CPU
		{4342B8C7-CA01-45BD-B282-A692A55D535C}.Release|Any CPU.Build.0 = Release|Any CPU
		{CE35DB4C-2E2F-4DA3-A5BD-18E25F3762F2}.Debug|Any CPU.ActiveCfg = Debug|Any CPU
		{CE35DB4C-2E2F-4DA3-A5BD-18E25F3762F2}.Debug|Any CPU.Build.0 = Debug|Any CPU
		{CE35DB4C-2E2F-4DA3-A5BD-18E25F3762F2}.Release|Any CPU.ActiveCfg = Release|Any CPU
		{CE35DB4C-2E2F-4DA3-A5BD-18E25F3762F2}.Release|Any CPU.Build.0 = Release|Any CPU
		{273B1B6A-AC42-4720-AD97-631B2869FFC4}.Debug|Any CPU.ActiveCfg = Debug|Any CPU
		{273B1B6A-AC42-4720-AD97-631B2869FFC4}.Debug|Any CPU.Build.0 = Debug|Any CPU
		{273B1B6A-AC42-4720-AD97-631B2869FFC4}.Release|Any CPU.ActiveCfg = Release|Any CPU
		{273B1B6A-AC42-4720-AD97-631B2869FFC4}.Release|Any CPU.Build.0 = Release|Any CPU
	EndGlobalSection
	GlobalSection(SolutionProperties) = preSolution
		HideSolutionNode = FALSE
	EndGlobalSection
	GlobalSection(ExtensibilityGlobals) = postSolution
		SolutionGuid = {37CEE52C-9B69-4341-8026-1EA603DE8D5D}
	EndGlobalSection
EndGlobal
